Microsoft Visual Studio Solution File, Format Version 11.00
# Visual Studio 2015
Project("{D9A885C0-1365-379F-F761-97C37B9FD70B}") = "Spectrogram", "Spectrogram.vcxproj", "{9F1C61C1-BD14-E3DE-C874-885B7ED4217B}"
EndProject
Global
	GlobalSection(SolutionConfigurationPlatforms) = preSolution
		Debug|Win32 = Debug|Win32
		Release|Win32 = Release|Win32
	EndGlobalSection
	GlobalSection(ProjectConfigurationPlatforms) = postSolution
		{9F1C61C1-BD14-E3DE-C874-885B7ED4217B}.Debug|Win32.ActiveCfg = Debug|Win32
		{9F1C61C1-BD14-E3DE-C874-885B7ED4217B}.Debug|Win32.Build.0 = Debug|Win32
		{9F1C61C1-BD14-E3DE-C874-885B7ED4217B}.Release|Win32.ActiveCfg = Release|Win32
		{9F1C61C1-BD14-E3DE-C874-885B7ED4217B}.Release|Win32.Build.0 = Release|Win32
	EndGlobalSection
	GlobalSection(SolutionProperties) = preSolution
		HideSolutionNode = FALSE
	EndGlobalSection
EndGlobal
